
Microsoft Visual Studio Solution File, Format Version 12.00
# Visual Studio Version 16
VisualStudioVersion = 16.0.31229.75
MinimumVisualStudioVersion = 10.0.40219.1
Project("{9A19103F-16F7-4668-BE54-9A1E7A4F7556}") = "Sample.WebAPI", "Sample.WebAPI.csproj", "{85300C00-4A2D-41C7-85CA-FBD17017F11F}"
EndProject
Global
	GlobalSection(SolutionConfigurationPlatforms) = preSolution
		Debug|Any CPU = Debug|Any CPU
		Release|Any CPU = Release|Any CPU
	EndGlobalSection
	GlobalSection(ProjectConfigurationPlatforms) = postSolution
		{85300C00-4A2D-41C7-85CA-FBD17017F11F}.Debug|Any CPU.ActiveCfg = Debug|Any CPU
		{85300C00-4A2D-41C7-85CA-FBD17017F11F}.Debug|Any CPU.Build.0 = Debug|Any CPU
		{85300C00-4A2D-41C7-85CA-FBD17017F11F}.Release|Any CPU.ActiveCfg = Release|Any CPU
		{85300C00-4A2D-41C7-85CA-FBD17017F11F}.Release|Any CPU.Build.0 = Release|Any CPU
	EndGlobalSection
	GlobalSection(SolutionProperties) = preSolution
		HideSolutionNode = FALSE
	EndGlobalSection
	GlobalSection(ExtensibilityGlobals) = postSolution
		SolutionGuid = {ABAB5EC6-F9BB-4102-BEF6-E6A4BA5E915C}
	EndGlobalSection
EndGlobal
